# This file was autogenerated by Stack.
# You should not edit this file by hand.
# For more information, please see the documentation at:
#   https://docs.haskellstack.org/en/stable/lock_files

packages:
- completed:
    hackage: chessIO-0.6.1.1@sha256:86b111a9dc66bfb7594734a80b318e88bd3f850bb132aafd644d0f19acb97f22,6263
    pantry-tree:
      size: 1205
      sha256: 356e6bd3b915433574aafecf0d02a6768b497f6f55e44a68e6cdaf147c7e2004
  original:
    hackage: chessIO-0.6.1.1@sha256:86b111a9dc66bfb7594734a80b318e88bd3f850bb132aafd644d0f19acb97f22,6263
snapshots:
- completed:
    size: 567679
    url: https://raw.githubusercontent.com/commercialhaskell/stackage-snapshots/master/lts/17/15.yaml
    sha256: 72e87841a0ab5b72f6f018e8ee692fd972b7bb32a944990f028e10d6eb528e63
  original:
    url: https://raw.githubusercontent.com/commercialhaskell/stackage-snapshots/master/lts/17/15.yaml
